# This file was autogenerated by uv via the following command:
#    uv pip compile pyproject.toml -o uv.lock
aiohappyeyeballs==2.6.1
    # via
    #   owanalyser (pyproject.toml)
    #   aiohttp
aiohttp==3.12.13
    # via owanalyser (pyproject.toml)
aiosignal==1.3.2
    # via
    #   owanalyser (pyproject.toml)
    #   aiohttp
anyio==4.9.0
    # via
    #   owanalyser (pyproject.toml)
    #   httpx
    #   jupyter-server
argon2-cffi==25.1.0
    # via
    #   owanalyser (pyproject.toml)
    #   jupyter-server
argon2-cffi-bindings==21.2.0
    # via
    #   owanalyser (pyproject.toml)
    #   argon2-cffi
arrow==1.3.0
    # via
    #   owanalyser (pyproject.toml)
    #   isoduration
asttokens==3.0.0
    # via
    #   owanalyser (pyproject.toml)
    #   stack-data
async-lru==2.0.5
    # via
    #   owanalyser (pyproject.toml)
    #   jupyterlab
async-timeout==5.0.1
    # via
    #   owanalyser (pyproject.toml)
    #   aiohttp
asyncio==3.4.3
    # via owanalyser (pyproject.toml)
attrs==25.3.0
    # via
    #   owanalyser (pyproject.toml)
    #   aiohttp
    #   jsonschema
    #   referencing
babel==2.17.0
    # via
    #   owanalyser (pyproject.toml)
    #   jupyterlab-server
backports-tarfile==1.2.0
    # via
    #   owanalyser (pyproject.toml)
    #   jaraco-context
beautifulsoup4==4.13.4
    # via
    #   owanalyser (pyproject.toml)
    #   bs4
    #   nbconvert
bleach==6.2.0
    # via
    #   owanalyser (pyproject.toml)
    #   nbconvert
bs4==0.0.2
    # via owanalyser (pyproject.toml)
build==1.2.2.post1
    # via
    #   owanalyser (pyproject.toml)
    #   poetry
cachecontrol==0.14.3
    # via
    #   owanalyser (pyproject.toml)
    #   poetry
certifi==2025.6.15
    # via
    #   owanalyser (pyproject.toml)
    #   httpcore
    #   httpx
    #   requests
cffi==1.17.1
    # via
    #   owanalyser (pyproject.toml)
    #   argon2-cffi-bindings
charset-normalizer==3.4.2
    # via
    #   owanalyser (pyproject.toml)
    #   requests
cleo==2.1.0
    # via
    #   owanalyser (pyproject.toml)
    #   poetry
colorama==0.4.6
    # via
    #   owanalyser (pyproject.toml)
    #   build
    #   ipython
    #   tqdm
comm==0.2.2
    # via
    #   owanalyser (pyproject.toml)
    #   ipykernel
    #   ipywidgets
contourpy==1.3.0
    # via
    #   owanalyser (pyproject.toml)
    #   matplotlib
crashtest==0.4.1
    # via
    #   owanalyser (pyproject.toml)
    #   cleo
cycler==0.12.1
    # via
    #   owanalyser (pyproject.toml)
    #   matplotlib
debugpy==1.8.14
    # via
    #   owanalyser (pyproject.toml)
    #   ipykernel
decorator==5.2.1
    # via
    #   owanalyser (pyproject.toml)
    #   ipython
defusedxml==0.7.1
    # via
    #   owanalyser (pyproject.toml)
    #   nbconvert
distlib==0.3.9
    # via
    #   owanalyser (pyproject.toml)
    #   virtualenv
dulwich==0.22.8
    # via
    #   owanalyser (pyproject.toml)
    #   poetry
exceptiongroup==1.3.0
    # via
    #   owanalyser (pyproject.toml)
    #   anyio
    #   ipython
executing==2.2.0
    # via
    #   owanalyser (pyproject.toml)
    #   stack-data
fastjsonschema==2.21.1
    # via
    #   owanalyser (pyproject.toml)
    #   nbformat
    #   poetry
filelock==3.18.0
    # via
    #   owanalyser (pyproject.toml)
    #   cachecontrol
    #   huggingface-hub
    #   virtualenv
findpython==0.6.3
    # via
    #   owanalyser (pyproject.toml)
    #   poetry
fonttools==4.58.4
    # via
    #   owanalyser (pyproject.toml)
    #   matplotlib
fqdn==1.5.1
    # via
    #   owanalyser (pyproject.toml)
    #   jsonschema
frozenlist==1.7.0
    # via
    #   owanalyser (pyproject.toml)
    #   aiohttp
    #   aiosignal
fsspec==2025.5.1
    # via
    #   owanalyser (pyproject.toml)
    #   huggingface-hub
h11==0.16.0
    # via
    #   owanalyser (pyproject.toml)
    #   httpcore
httpcore==1.0.9
    # via
    #   owanalyser (pyproject.toml)
    #   httpx
httpx==0.28.1
    # via
    #   owanalyser (pyproject.toml)
    #   jupyterlab
    #   pbs-installer
huggingface-hub==0.33.0
    # via owanalyser (pyproject.toml)
idna==3.10
    # via
    #   owanalyser (pyproject.toml)
    #   anyio
    #   httpx
    #   jsonschema
    #   requests
    #   yarl
importlib-metadata==8.6.1
    # via
    #   owanalyser (pyproject.toml)
    #   build
    #   jupyter-client
    #   jupyter-lsp
    #   jupyterlab
    #   jupyterlab-server
    #   keyring
    #   nbconvert
    #   poetry
importlib-resources==6.5.2
    # via
    #   owanalyser (pyproject.toml)
    #   matplotlib
inquirerpy==0.3.4
    # via owanalyser (pyproject.toml)
installer==0.7.0
    # via
    #   owanalyser (pyproject.toml)
    #   poetry
ipykernel==6.29.5
    # via
    #   owanalyser (pyproject.toml)
    #   jupyter
    #   jupyter-console
    #   jupyterlab
ipython==8.18.1
    # via
    #   owanalyser (pyproject.toml)
    #   ipykernel
    #   ipywidgets
    #   jupyter-console
ipywidgets==8.1.7
    # via
    #   owanalyser (pyproject.toml)
    #   jupyter
isoduration==20.11.0
    # via
    #   owanalyser (pyproject.toml)
    #   jsonschema
jaraco-classes==3.4.0
    # via
    #   owanalyser (pyproject.toml)
    #   keyring
jaraco-context==6.0.1
    # via
    #   owanalyser (pyproject.toml)
    #   keyring
jaraco-functools==4.1.0
    # via
    #   owanalyser (pyproject.toml)
    #   keyring
jedi==0.19.2
    # via
    #   owanalyser (pyproject.toml)
    #   ipython
jinja2==3.1.6
    # via
    #   owanalyser (pyproject.toml)
    #   jupyter-server
    #   jupyterlab
    #   jupyterlab-server
    #   nbconvert
joblib==1.5.1
    # via
    #   owanalyser (pyproject.toml)
    #   scikit-learn
json5==0.12.0
    # via
    #   owanalyser (pyproject.toml)
    #   jupyterlab-server
jsonpointer==3.0.0
    # via
    #   owanalyser (pyproject.toml)
    #   jsonschema
jsonschema==4.24.0
    # via
    #   owanalyser (pyproject.toml)
    #   jupyter-events
    #   jupyterlab-server
    #   nbformat
jsonschema-specifications==2025.4.1
    # via
    #   owanalyser (pyproject.toml)
    #   jsonschema
jupyter==1.1.1
    # via owanalyser (pyproject.toml)
jupyter-client==8.6.3
    # via
    #   owanalyser (pyproject.toml)
    #   ipykernel
    #   jupyter-console
    #   jupyter-server
    #   nbclient
jupyter-console==6.6.3
    # via
    #   owanalyser (pyproject.toml)
    #   jupyter
jupyter-core==5.8.1
    # via
    #   owanalyser (pyproject.toml)
    #   ipykernel
    #   jupyter-client
    #   jupyter-console
    #   jupyter-server
    #   jupyterlab
    #   nbclient
    #   nbconvert
    #   nbformat
jupyter-events==0.12.0
    # via
    #   owanalyser (pyproject.toml)
    #   jupyter-server
jupyter-lsp==2.2.5
    # via
    #   owanalyser (pyproject.toml)
    #   jupyterlab
jupyter-server==2.16.0
    # via
    #   owanalyser (pyproject.toml)
    #   jupyter-lsp
    #   jupyterlab
    #   jupyterlab-server
    #   notebook
    #   notebook-shim
jupyter-server-terminals==0.5.3
    # via
    #   owanalyser (pyproject.toml)
    #   jupyter-server
jupyterlab==4.4.3
    # via
    #   owanalyser (pyproject.toml)
    #   jupyter
    #   notebook
jupyterlab-pygments==0.3.0
    # via
    #   owanalyser (pyproject.toml)
    #   nbconvert
jupyterlab-server==2.27.3
    # via
    #   owanalyser (pyproject.toml)
    #   jupyterlab
    #   notebook
jupyterlab-widgets==3.0.15
    # via
    #   owanalyser (pyproject.toml)
    #   ipywidgets
keyring==25.6.0
    # via
    #   owanalyser (pyproject.toml)
    #   poetry
kiwisolver==1.4.7
    # via
    #   owanalyser (pyproject.toml)
    #   matplotlib
markupsafe==3.0.2
    # via
    #   owanalyser (pyproject.toml)
    #   jinja2
    #   nbconvert
matplotlib==3.9.4
    # via
    #   owanalyser (pyproject.toml)
    #   seaborn
matplotlib-inline==0.1.7
    # via
    #   owanalyser (pyproject.toml)
    #   ipykernel
    #   ipython
mistune==3.1.3
    # via
    #   owanalyser (pyproject.toml)
    #   nbconvert
more-itertools==10.7.0
    # via
    #   owanalyser (pyproject.toml)
    #   jaraco-classes
    #   jaraco-functools
msgpack==1.1.1
    # via
    #   owanalyser (pyproject.toml)
    #   cachecontrol
multidict==6.4.4
    # via
    #   owanalyser (pyproject.toml)
    #   aiohttp
    #   yarl
nbclient==0.10.2
    # via
    #   owanalyser (pyproject.toml)
    #   nbconvert
nbconvert==7.16.6
    # via
    #   owanalyser (pyproject.toml)
    #   jupyter
    #   jupyter-server
nbformat==5.10.4
    # via
    #   owanalyser (pyproject.toml)
    #   jupyter-server
    #   nbclient
    #   nbconvert
nest-asyncio==1.6.0
    # via
    #   owanalyser (pyproject.toml)
    #   ipykernel
notebook==7.4.3
    # via
    #   owanalyser (pyproject.toml)
    #   jupyter
notebook-shim==0.2.4
    # via
    #   owanalyser (pyproject.toml)
    #   jupyterlab
    #   notebook
numpy==2.0.2
    # via
    #   owanalyser (pyproject.toml)
    #   contourpy
    #   matplotlib
    #   pandas
    #   scikit-learn
    #   scipy
    #   seaborn
    #   xgboost
overrides==7.7.0
    # via
    #   owanalyser (pyproject.toml)
    #   jupyter-server
packaging==25.0
    # via
    #   owanalyser (pyproject.toml)
    #   build
    #   findpython
    #   huggingface-hub
    #   ipykernel
    #   jupyter-events
    #   jupyter-server
    #   jupyterlab
    #   jupyterlab-server
    #   matplotlib
    #   nbconvert
    #   poetry
pandas==2.3.0
    # via
    #   owanalyser (pyproject.toml)
    #   seaborn
pandocfilters==1.5.1
    # via
    #   owanalyser (pyproject.toml)
    #   nbconvert
parso==0.8.4
    # via
    #   owanalyser (pyproject.toml)
    #   jedi
pbs-installer==2025.6.12
    # via
    #   owanalyser (pyproject.toml)
    #   poetry
pfzy==0.3.4
    # via
    #   owanalyser (pyproject.toml)
    #   inquirerpy
pillow==11.2.1
    # via
    #   owanalyser (pyproject.toml)
    #   matplotlib
pkginfo==1.12.1.2
    # via
    #   owanalyser (pyproject.toml)
    #   poetry
platformdirs==4.3.8
    # via
    #   owanalyser (pyproject.toml)
    #   jupyter-core
    #   poetry
    #   virtualenv
poetry==2.1.3
    # via owanalyser (pyproject.toml)
poetry-core==2.1.3
    # via
    #   owanalyser (pyproject.toml)
    #   poetry
prometheus-client==0.22.1
    # via
    #   owanalyser (pyproject.toml)
    #   jupyter-server
prompt-toolkit==3.0.51
    # via
    #   owanalyser (pyproject.toml)
    #   inquirerpy
    #   ipython
    #   jupyter-console
propcache==0.3.2
    # via
    #   owanalyser (pyproject.toml)
    #   aiohttp
    #   yarl
psutil==7.0.0
    # via
    #   owanalyser (pyproject.toml)
    #   ipykernel
pure-eval==0.2.3
    # via
    #   owanalyser (pyproject.toml)
    #   stack-data
pycparser==2.22
    # via
    #   owanalyser (pyproject.toml)
    #   cffi
pygments==2.19.1
    # via
    #   owanalyser (pyproject.toml)
    #   ipython
    #   jupyter-console
    #   nbconvert
pyparsing==3.2.3
    # via
    #   owanalyser (pyproject.toml)
    #   matplotlib
pyproject-hooks==1.2.0
    # via
    #   owanalyser (pyproject.toml)
    #   build
    #   poetry
python-dateutil==2.9.0.post0
    # via
    #   owanalyser (pyproject.toml)
    #   arrow
    #   jupyter-client
    #   matplotlib
    #   pandas
python-json-logger==3.3.0
    # via
    #   owanalyser (pyproject.toml)
    #   jupyter-events
pytz==2025.2
    # via
    #   owanalyser (pyproject.toml)
    #   pandas
pywin32==310
    # via
    #   owanalyser (pyproject.toml)
    #   jupyter-core
pywin32-ctypes==0.2.3
    # via
    #   owanalyser (pyproject.toml)
    #   keyring
pywinpty==2.0.15
    # via
    #   owanalyser (pyproject.toml)
    #   jupyter-server
    #   jupyter-server-terminals
    #   terminado
pyyaml==6.0.2
    # via
    #   owanalyser (pyproject.toml)
    #   huggingface-hub
    #   jupyter-events
pyzmq==27.0.0
    # via
    #   owanalyser (pyproject.toml)
    #   ipykernel
    #   jupyter-client
    #   jupyter-console
    #   jupyter-server
rapidfuzz==3.13.0
    # via
    #   owanalyser (pyproject.toml)
    #   cleo
referencing==0.36.2
    # via
    #   owanalyser (pyproject.toml)
    #   jsonschema
    #   jsonschema-specifications
    #   jupyter-events
requests==2.32.4
    # via
    #   owanalyser (pyproject.toml)
    #   cachecontrol
    #   huggingface-hub
    #   jupyterlab-server
    #   poetry
    #   requests-toolbelt
requests-toolbelt==1.0.0
    # via
    #   owanalyser (pyproject.toml)
    #   poetry
rfc3339-validator==0.1.4
    # via
    #   owanalyser (pyproject.toml)
    #   jsonschema
    #   jupyter-events
rfc3986-validator==0.1.1
    # via
    #   owanalyser (pyproject.toml)
    #   jsonschema
    #   jupyter-events
rpds-py==0.25.1
    # via
    #   owanalyser (pyproject.toml)
    #   jsonschema
    #   referencing
scikit-learn==1.6.1
    # via owanalyser (pyproject.toml)
scipy==1.13.1
    # via
    #   owanalyser (pyproject.toml)
    #   scikit-learn
    #   xgboost
seaborn==0.13.2
    # via owanalyser (pyproject.toml)
send2trash==1.8.3
    # via
    #   owanalyser (pyproject.toml)
    #   jupyter-server
setuptools==80.9.0
    # via jupyterlab
shellingham==1.5.4
    # via
    #   owanalyser (pyproject.toml)
    #   poetry
six==1.17.0
    # via
    #   owanalyser (pyproject.toml)
    #   python-dateutil
    #   rfc3339-validator
sklearn==0.0
    # via owanalyser (pyproject.toml)
sniffio==1.3.1
    # via
    #   owanalyser (pyproject.toml)
    #   anyio
soupsieve==2.7
    # via
    #   owanalyser (pyproject.toml)
    #   beautifulsoup4
stack-data==0.6.3
    # via
    #   owanalyser (pyproject.toml)
    #   ipython
terminado==0.18.1
    # via
    #   owanalyser (pyproject.toml)
    #   jupyter-server
    #   jupyter-server-terminals
threadpoolctl==3.6.0
    # via
    #   owanalyser (pyproject.toml)
    #   scikit-learn
tinycss2==1.4.0
    # via
    #   owanalyser (pyproject.toml)
    #   bleach
tomli==2.2.1
    # via
    #   owanalyser (pyproject.toml)
    #   build
    #   jupyterlab
    #   poetry
tomlkit==0.13.3
    # via
    #   owanalyser (pyproject.toml)
    #   poetry
tornado==6.5.1
    # via
    #   owanalyser (pyproject.toml)
    #   ipykernel
    #   jupyter-client
    #   jupyter-server
    #   jupyterlab
    #   notebook
    #   terminado
tqdm==4.67.1
    # via
    #   owanalyser (pyproject.toml)
    #   huggingface-hub
traitlets==5.14.3
    # via
    #   owanalyser (pyproject.toml)
    #   comm
    #   ipykernel
    #   ipython
    #   ipywidgets
    #   jupyter-client
    #   jupyter-console
    #   jupyter-core
    #   jupyter-events
    #   jupyter-server
    #   jupyterlab
    #   matplotlib-inline
    #   nbclient
    #   nbconvert
    #   nbformat
trove-classifiers==2025.5.9.12
    # via
    #   owanalyser (pyproject.toml)
    #   poetry
types-python-dateutil==2.9.0.20250516
    # via
    #   owanalyser (pyproject.toml)
    #   arrow
typing-extensions==4.14.0
    # via
    #   owanalyser (pyproject.toml)
    #   anyio
    #   async-lru
    #   beautifulsoup4
    #   exceptiongroup
    #   huggingface-hub
    #   ipython
    #   mistune
    #   multidict
    #   python-json-logger
    #   referencing
tzdata==2025.2
    # via
    #   owanalyser (pyproject.toml)
    #   pandas
uri-template==1.3.0
    # via
    #   owanalyser (pyproject.toml)
    #   jsonschema
urllib3==2.4.0
    # via
    #   owanalyser (pyproject.toml)
    #   dulwich
    #   requests
uv==0.7.13
    # via owanalyser (pyproject.toml)
virtualenv==20.31.2
    # via
    #   owanalyser (pyproject.toml)
    #   poetry
wcwidth==0.2.13
    # via
    #   owanalyser (pyproject.toml)
    #   prompt-toolkit
webcolors==24.11.1
    # via
    #   owanalyser (pyproject.toml)
    #   jsonschema
webencodings==0.5.1
    # via
    #   owanalyser (pyproject.toml)
    #   bleach
    #   tinycss2
websocket-client==1.8.0
    # via
    #   owanalyser (pyproject.toml)
    #   jupyter-server
widgetsnbextension==4.0.14
    # via
    #   owanalyser (pyproject.toml)
    #   ipywidgets
xgboost==2.1.4
    # via owanalyser (pyproject.toml)
yarl==1.20.1
    # via
    #   owanalyser (pyproject.toml)
    #   aiohttp
zipp==3.23.0
    # via
    #   owanalyser (pyproject.toml)
    #   importlib-metadata
    #   importlib-resources
zstandard==0.23.0
    # via
    #   owanalyser (pyproject.toml)
    #   pbs-installer
